
Microsoft Visual Studio Solution File, Format Version 12.00
# Visual Studio Version 17
VisualStudioVersion = 17.5.002.0
MinimumVisualStudioVersion = 10.0.40219.1
Project("{9A19103F-16F7-4668-BE54-9A1E7A4F7556}") = "Ilac", "Ilac.csproj", "{D94E948B-379C-4EA8-AACE-7DAF47764A16}"
EndProject
Global
	GlobalSection(SolutionConfigurationPlatforms) = preSolution
		Debug|Any CPU = Debug|Any CPU
		Release|Any CPU = Release|Any CPU
	EndGlobalSection
	GlobalSection(ProjectConfigurationPlatforms) = postSolution
		{D94E948B-379C-4EA8-AACE-7DAF47764A16}.Debug|Any CPU.ActiveCfg = Debug|Any CPU
		{D94E948B-379C-4EA8-AACE-7DAF47764A16}.Debug|Any CPU.Build.0 = Debug|Any CPU
		{D94E948B-379C-4EA8-AACE-7DAF47764A16}.Release|Any CPU.ActiveCfg = Release|Any CPU
		{D94E948B-379C-4EA8-AACE-7DAF47764A16}.Release|Any CPU.Build.0 = Release|Any CPU
	EndGlobalSection
	GlobalSection(SolutionProperties) = preSolution
		HideSolutionNode = FALSE
	EndGlobalSection
	GlobalSection(ExtensibilityGlobals) = postSolution
		SolutionGuid = {27D5C141-D583-4A9C-86FF-2B88C4D9FA7C}
	EndGlobalSection
EndGlobal
